
Microsoft Visual Studio Solution File, Format Version 12.00
# Visual Studio Version 16
VisualStudioVersion = 16.0.30717.126
MinimumVisualStudioVersion = 10.0.40219.1
Project("{FAE04EC0-301F-11D3-BF4B-00C04F79EFBC}") = "BlazorPeliculas.Server", "BlazorPeliculas\Server\BlazorPeliculas.Server.csproj", "{9AED0401-7801-4D94-B871-940934229D48}"
EndProject
Project("{FAE04EC0-301F-11D3-BF4B-00C04F79EFBC}") = "BlazorPeliculas.Client", "BlazorPeliculas\Client\BlazorPeliculas.Client.csproj", "{C6513E05-2AE9-425F-920A-959160596B5A}"
EndProject
Project("{FAE04EC0-301F-11D3-BF4B-00C04F79EFBC}") = "BlazorPeliculas.Shared", "BlazorPeliculas\Shared\BlazorPeliculas.Shared.csproj", "{F506DF7D-FCBE-43AB-8312-207D60124BF8}"
EndProject
Global
	GlobalSection(SolutionConfigurationPlatforms) = preSolution
		Debug|Any CPU = Debug|Any CPU
		Release|Any CPU = Release|Any CPU
	EndGlobalSection
	GlobalSection(ProjectConfigurationPlatforms) = postSolution
		{9AED0401-7801-4D94-B871-940934229D48}.Debug|Any CPU.ActiveCfg = Debug|Any CPU
		{9AED0401-7801-4D94-B871-940934229D48}.Debug|Any CPU.Build.0 = Debug|Any CPU
		{9AED0401-7801-4D94-B871-940934229D48}.Release|Any CPU.ActiveCfg = Release|Any CPU
		{9AED0401-7801-4D94-B871-940934229D48}.Release|Any CPU.Build.0 = Release|Any CPU
		{C6513E05-2AE9-425F-920A-959160596B5A}.Debug|Any CPU.ActiveCfg = Debug|Any CPU
		{C6513E05-2AE9-425F-920A-959160596B5A}.Debug|Any CPU.Build.0 = Debug|Any CPU
		{C6513E05-2AE9-425F-920A-959160596B5A}.Release|Any CPU.ActiveCfg = Release|Any CPU
		{C6513E05-2AE9-425F-920A-959160596B5A}.Release|Any CPU.Build.0 = Release|Any CPU
		{F506DF7D-FCBE-43AB-8312-207D60124BF8}.Debug|Any CPU.ActiveCfg = Debug|Any CPU
		{F506DF7D-FCBE-43AB-8312-207D60124BF8}.Debug|Any CPU.Build.0 = Debug|Any CPU
		{F506DF7D-FCBE-43AB-8312-207D60124BF8}.Release|Any CPU.ActiveCfg = Release|Any CPU
		{F506DF7D-FCBE-43AB-8312-207D60124BF8}.Release|Any CPU.Build.0 = Release|Any CPU
	EndGlobalSection
	GlobalSection(SolutionProperties) = preSolution
		HideSolutionNode = FALSE
	EndGlobalSection
	GlobalSection(ExtensibilityGlobals) = postSolution
		SolutionGuid = {35F23D3C-B90F-498D-A4F9-D20DB37C7E3C}
	EndGlobalSection
EndGlobal
